// !$*UTF8*$!
{
	archiveVersion = 1;
	classes = {
	};
	objectVersion = 56;
	objects = {

/* Begin PBXBuildFile section */
		886E508829109FD50020F2F1 /* cartridge_interface.cpp in Sources */ = {isa = PBXBuildFile; fileRef = 886E508229109FD50020F2F1 /* cartridge_interface.cpp */; };
		886E508A29109FD50020F2F1 /* files.cpp in Sources */ = {isa = PBXBuildFile; fileRef = 886E508729109FD50020F2F1 /* files.cpp */; };
		886E509C2910A01B0020F2F1 /* nes_ppu.cpp in Sources */ = {isa = PBXBuildFile; fileRef = 886E50922910A01A0020F2F1 /* nes_ppu.cpp */; };
		886E509D2910A01B0020F2F1 /* instructions.cpp in Sources */ = {isa = PBXBuildFile; fileRef = 886E50932910A01A0020F2F1 /* instructions.cpp */; };
		886E509E2910A01B0020F2F1 /* utils.cpp in Sources */ = {isa = PBXBuildFile; fileRef = 886E50952910A01B0020F2F1 /* utils.cpp */; };
		886E509F2910A01B0020F2F1 /* processor_6502.cpp in Sources */ = {isa = PBXBuildFile; fileRef = 886E50982910A01B0020F2F1 /* processor_6502.cpp */; };
		886E50A22910A0280020F2F1 /* nes.cpp in Sources */ = {isa = PBXBuildFile; fileRef = 886E50A02910A0280020F2F1 /* nes.cpp */; };
		886E50A82911B6420020F2F1 /* macos_display.cpp in Sources */ = {isa = PBXBuildFile; fileRef = 886E50A72911B6420020F2F1 /* macos_display.cpp */; };
		8877BA47291B6BE800DECED0 /* prompt.cpp in Sources */ = {isa = PBXBuildFile; fileRef = 8877BA46291B6A8500DECED0 /* prompt.cpp */; };
		8887733329107ED100784871 /* AppDelegate.m in Sources */ = {isa = PBXBuildFile; fileRef = 8887733229107ED100784871 /* AppDelegate.m */; };
		8887733529107ED100784871 /* GameScene.sks in Resources */ = {isa = PBXBuildFile; fileRef = 8887733429107ED100784871 /* GameScene.sks */; };
		8887733729107ED100784871 /* Actions.sks in Resources */ = {isa = PBXBuildFile; fileRef = 8887733629107ED100784871 /* Actions.sks */; };
		8887733A29107ED100784871 /* GameScene.mm in Sources */ = {isa = PBXBuildFile; fileRef = 8887733929107ED100784871 /* GameScene.mm */; };
		8887733D29107ED100784871 /* ViewController.m in Sources */ = {isa = PBXBuildFile; fileRef = 8887733C29107ED100784871 /* ViewController.m */; };
		8887733F29107ED200784871 /* Assets.xcassets in Resources */ = {isa = PBXBuildFile; fileRef = 8887733E29107ED200784871 /* Assets.xcassets */; };
		8887734229107ED200784871 /* Main.storyboard in Resources */ = {isa = PBXBuildFile; fileRef = 8887734029107ED200784871 /* Main.storyboard */; };
		8887734429107ED200784871 /* main.m in Sources */ = {isa = PBXBuildFile; fileRef = 8887734329107ED200784871 /* main.m */; };
		889597A42B15414A0047D70F /* libglog.0.7.0.dylib in Frameworks */ = {isa = PBXBuildFile; fileRef = 889597A32B15414A0047D70F /* libglog.0.7.0.dylib */; };
		889597A72B1542220047D70F /* libglog.0.7.0.dylib in CopyFiles */ = {isa = PBXBuildFile; fileRef = 889597A32B15414A0047D70F /* libglog.0.7.0.dylib */; settings = {ATTRIBUTES = (CodeSignOnCopy, ); }; };
		889597A92B1542410047D70F /* libglog.1.dylib in Frameworks */ = {isa = PBXBuildFile; fileRef = 889597A82B1542410047D70F /* libglog.1.dylib */; };
		889597AA2B15424C0047D70F /* libglog.1.dylib in CopyFiles */ = {isa = PBXBuildFile; fileRef = 889597A82B1542410047D70F /* libglog.1.dylib */; settings = {ATTRIBUTES = (CodeSignOnCopy, ); }; };
/* End PBXBuildFile section */

/* Begin PBXCopyFilesBuildPhase section */
		889597A62B1542160047D70F /* CopyFiles */ = {
			isa = PBXCopyFilesBuildPhase;
			buildActionMask = 2147483647;
			dstPath = "";
			dstSubfolderSpec = 10;
			files = (
				889597AA2B15424C0047D70F /* libglog.1.dylib in CopyFiles */,
				889597A72B1542220047D70F /* libglog.0.7.0.dylib in CopyFiles */,
			);
			runOnlyForDeploymentPostprocessing = 0;
		};
/* End PBXCopyFilesBuildPhase section */

/* Begin PBXFileReference section */
		886E508229109FD50020F2F1 /* cartridge_interface.cpp */ = {isa = PBXFileReference; fileEncoding = 4; lastKnownFileType = sourcecode.cpp.cpp; name = cartridge_interface.cpp; path = ../../io/cartridge_interface.cpp; sourceTree = "<group>"; };
		886E508429109FD50020F2F1 /* display.hpp */ = {isa = PBXFileReference; fileEncoding = 4; lastKnownFileType = sourcecode.cpp.h; name = display.hpp; path = ../../io/display.hpp; sourceTree = "<group>"; };
		886E508529109FD50020F2F1 /* files.hpp */ = {isa = PBXFileReference; fileEncoding = 4; lastKnownFileType = sourcecode.cpp.h; name = files.hpp; path = ../../io/files.hpp; sourceTree = "<group>"; };
		886E508629109FD50020F2F1 /* cartridge_interface.hpp */ = {isa = PBXFileReference; fileEncoding = 4; lastKnownFileType = sourcecode.cpp.h; name = cartridge_interface.hpp; path = ../../io/cartridge_interface.hpp; sourceTree = "<group>"; };
		886E508729109FD50020F2F1 /* files.cpp */ = {isa = PBXFileReference; fileEncoding = 4; lastKnownFileType = sourcecode.cpp.cpp; name = files.cpp; path = ../../io/files.cpp; sourceTree = "<group>"; };
		886E50922910A01A0020F2F1 /* nes_ppu.cpp */ = {isa = PBXFileReference; fileEncoding = 4; lastKnownFileType = sourcecode.cpp.cpp; name = nes_ppu.cpp; path = ../../processor/nes_ppu.cpp; sourceTree = "<group>"; };
		886E50932910A01A0020F2F1 /* instructions.cpp */ = {isa = PBXFileReference; fileEncoding = 4; lastKnownFileType = sourcecode.cpp.cpp; name = instructions.cpp; path = ../../processor/instructions.cpp; sourceTree = "<group>"; };
		886E50942910A01B0020F2F1 /* memory.hpp */ = {isa = PBXFileReference; fileEncoding = 4; lastKnownFileType = sourcecode.cpp.h; name = memory.hpp; path = ../../processor/memory.hpp; sourceTree = "<group>"; };
		886E50952910A01B0020F2F1 /* utils.cpp */ = {isa = PBXFileReference; fileEncoding = 4; lastKnownFileType = sourcecode.cpp.cpp; name = utils.cpp; path = ../../processor/utils.cpp; sourceTree = "<group>"; };
		886E50962910A01B0020F2F1 /* nes_ppu.hpp */ = {isa = PBXFileReference; fileEncoding = 4; lastKnownFileType = sourcecode.cpp.h; name = nes_ppu.hpp; path = ../../processor/nes_ppu.hpp; sourceTree = "<group>"; };
		886E50972910A01B0020F2F1 /* utils.hpp */ = {isa = PBXFileReference; fileEncoding = 4; lastKnownFileType = sourcecode.cpp.h; name = utils.hpp; path = ../../processor/utils.hpp; sourceTree = "<group>"; };
		886E50982910A01B0020F2F1 /* processor_6502.cpp */ = {isa = PBXFileReference; fileEncoding = 4; lastKnownFileType = sourcecode.cpp.cpp; name = processor_6502.cpp; path = ../../processor/processor_6502.cpp; sourceTree = "<group>"; };
		886E50992910A01B0020F2F1 /* video_memory.hpp */ = {isa = PBXFileReference; fileEncoding = 4; lastKnownFileType = sourcecode.cpp.h; name = video_memory.hpp; path = ../../processor/video_memory.hpp; sourceTree = "<group>"; };
		886E509A2910A01B0020F2F1 /* processor_6502.hpp */ = {isa = PBXFileReference; fileEncoding = 4; lastKnownFileType = sourcecode.cpp.h; name = processor_6502.hpp; path = ../../processor/processor_6502.hpp; sourceTree = "<group>"; };
		886E509B2910A01B0020F2F1 /* instructions.hpp */ = {isa = PBXFileReference; fileEncoding = 4; lastKnownFileType = sourcecode.cpp.h; name = instructions.hpp; path = ../../processor/instructions.hpp; sourceTree = "<group>"; };
		886E50A02910A0280020F2F1 /* nes.cpp */ = {isa = PBXFileReference; fileEncoding = 4; lastKnownFileType = sourcecode.cpp.cpp; name = nes.cpp; path = ../../system/nes.cpp; sourceTree = "<group>"; };
		886E50A12910A0280020F2F1 /* nes.hpp */ = {isa = PBXFileReference; fileEncoding = 4; lastKnownFileType = sourcecode.cpp.h; name = nes.hpp; path = ../../system/nes.hpp; sourceTree = "<group>"; };
		886E50A62911B5FC0020F2F1 /* flags.hpp */ = {isa = PBXFileReference; fileEncoding = 4; lastKnownFileType = sourcecode.cpp.h; name = flags.hpp; path = ../../config/flags.hpp; sourceTree = "<group>"; };
		886E50A72911B6420020F2F1 /* macos_display.cpp */ = {isa = PBXFileReference; fileEncoding = 4; lastKnownFileType = sourcecode.cpp.cpp; name = macos_display.cpp; path = ../../io/macos_display.cpp; sourceTree = "<group>"; };
		8877BA45291B6A8500DECED0 /* prompt.hpp */ = {isa = PBXFileReference; lastKnownFileType = sourcecode.cpp.h; name = prompt.hpp; path = ../../io/prompt.hpp; sourceTree = "<group>"; };
		8877BA46291B6A8500DECED0 /* prompt.cpp */ = {isa = PBXFileReference; lastKnownFileType = sourcecode.cpp.cpp; name = prompt.cpp; path = ../../io/prompt.cpp; sourceTree = "<group>"; };
		8887732E29107ED100784871 /* VirtualNes.app */ = {isa = PBXFileReference; explicitFileType = wrapper.application; includeInIndex = 0; path = VirtualNes.app; sourceTree = BUILT_PRODUCTS_DIR; };
		8887733129107ED100784871 /* AppDelegate.h */ = {isa = PBXFileReference; lastKnownFileType = sourcecode.c.h; path = AppDelegate.h; sourceTree = "<group>"; };
		8887733229107ED100784871 /* AppDelegate.m */ = {isa = PBXFileReference; lastKnownFileType = sourcecode.c.objc; path = AppDelegate.m; sourceTree = "<group>"; };
		8887733429107ED100784871 /* GameScene.sks */ = {isa = PBXFileReference; lastKnownFileType = file.sks; path = GameScene.sks; sourceTree = "<group>"; };
		8887733629107ED100784871 /* Actions.sks */ = {isa = PBXFileReference; lastKnownFileType = file.sks; path = Actions.sks; sourceTree = "<group>"; };
		8887733829107ED100784871 /* GameScene.h */ = {isa = PBXFileReference; lastKnownFileType = sourcecode.c.h; path = GameScene.h; sourceTree = "<group>"; };
		8887733929107ED100784871 /* GameScene.mm */ = {isa = PBXFileReference; lastKnownFileType = sourcecode.cpp.objcpp; path = GameScene.mm; sourceTree = "<group>"; };
		8887733B29107ED100784871 /* ViewController.h */ = {isa = PBXFileReference; lastKnownFileType = sourcecode.c.h; path = ViewController.h; sourceTree = "<group>"; };
		8887733C29107ED100784871 /* ViewController.m */ = {isa = PBXFileReference; lastKnownFileType = sourcecode.c.objc; path = ViewController.m; sourceTree = "<group>"; };
		8887733E29107ED200784871 /* Assets.xcassets */ = {isa = PBXFileReference; lastKnownFileType = folder.assetcatalog; path = Assets.xcassets; sourceTree = "<group>"; };
		8887734129107ED200784871 /* Base */ = {isa = PBXFileReference; lastKnownFileType = file.storyboard; name = Base; path = Base.lproj/Main.storyboard; sourceTree = "<group>"; };
		8887734329107ED200784871 /* main.m */ = {isa = PBXFileReference; lastKnownFileType = sourcecode.c.objc; path = main.m; sourceTree = "<group>"; };
		8887734529107ED200784871 /* VirtualNes.entitlements */ = {isa = PBXFileReference; lastKnownFileType = text.plist.entitlements; path = VirtualNes.entitlements; sourceTree = "<group>"; };
		889597A32B15414A0047D70F /* libglog.0.7.0.dylib */ = {isa = PBXFileReference; lastKnownFileType = "compiled.mach-o.dylib"; name = libglog.0.7.0.dylib; path = ../../../../../../usr/local/lib/libglog.0.7.0.dylib; sourceTree = "<group>"; };
		889597A82B1542410047D70F /* libglog.1.dylib */ = {isa = PBXFileReference; lastKnownFileType = "compiled.mach-o.dylib"; name = libglog.1.dylib; path = ../../../../../../usr/local/lib/libglog.1.dylib; sourceTree = "<group>"; };
/* End PBXFileReference section */

/* Begin PBXFrameworksBuildPhase section */
		8887732B29107ED100784871 /* Frameworks */ = {
			isa = PBXFrameworksBuildPhase;
			buildActionMask = 2147483647;
			files = (
				889597A92B1542410047D70F /* libglog.1.dylib in Frameworks */,
				889597A42B15414A0047D70F /* libglog.0.7.0.dylib in Frameworks */,
			);
			runOnlyForDeploymentPostprocessing = 0;
		};
/* End PBXFrameworksBuildPhase section */

/* Begin PBXGroup section */
		886E50A32910AE860020F2F1 /* Frameworks */ = {
			isa = PBXGroup;
			children = (
				889597A32B15414A0047D70F /* libglog.0.7.0.dylib */,
				889597A82B1542410047D70F /* libglog.1.dylib */,
			);
			name = Frameworks;
			sourceTree = "<group>";
		};
		8887732529107ED100784871 = {
			isa = PBXGroup;
			children = (
				886E508229109FD50020F2F1 /* cartridge_interface.cpp */,
				886E508629109FD50020F2F1 /* cartridge_interface.hpp */,
				886E508729109FD50020F2F1 /* files.cpp */,
				886E508529109FD50020F2F1 /* files.hpp */,
				886E50932910A01A0020F2F1 /* instructions.cpp */,
				886E50A62911B5FC0020F2F1 /* flags.hpp */,
				886E509B2910A01B0020F2F1 /* instructions.hpp */,
				886E50A72911B6420020F2F1 /* macos_display.cpp */,
				886E508429109FD50020F2F1 /* display.hpp */,
				886E50942910A01B0020F2F1 /* memory.hpp */,
				886E50A02910A0280020F2F1 /* nes.cpp */,
				886E50A12910A0280020F2F1 /* nes.hpp */,
				886E50922910A01A0020F2F1 /* nes_ppu.cpp */,
				886E50962910A01B0020F2F1 /* nes_ppu.hpp */,
				886E50982910A01B0020F2F1 /* processor_6502.cpp */,
				886E509A2910A01B0020F2F1 /* processor_6502.hpp */,
				8877BA46291B6A8500DECED0 /* prompt.cpp */,
				8877BA45291B6A8500DECED0 /* prompt.hpp */,
				886E50952910A01B0020F2F1 /* utils.cpp */,
				886E50972910A01B0020F2F1 /* utils.hpp */,
				886E50992910A01B0020F2F1 /* video_memory.hpp */,
				8887733029107ED100784871 /* VirtualNes */,
				8887732F29107ED100784871 /* Products */,
				886E50A32910AE860020F2F1 /* Frameworks */,
			);
			sourceTree = "<group>";
		};
		8887732F29107ED100784871 /* Products */ = {
			isa = PBXGroup;
			children = (
				8887732E29107ED100784871 /* VirtualNes.app */,
			);
			name = Products;
			sourceTree = "<group>";
		};
		8887733029107ED100784871 /* VirtualNes */ = {
			isa = PBXGroup;
			children = (
				8887733129107ED100784871 /* AppDelegate.h */,
				8887733229107ED100784871 /* AppDelegate.m */,
				8887733429107ED100784871 /* GameScene.sks */,
				8887733629107ED100784871 /* Actions.sks */,
				8887733829107ED100784871 /* GameScene.h */,
				8887733929107ED100784871 /* GameScene.mm */,
				8887733B29107ED100784871 /* ViewController.h */,
				8887733C29107ED100784871 /* ViewController.m */,
				8887733E29107ED200784871 /* Assets.xcassets */,
				8887734029107ED200784871 /* Main.storyboard */,
				8887734329107ED200784871 /* main.m */,
				8887734529107ED200784871 /* VirtualNes.entitlements */,
			);
			path = VirtualNes;
			sourceTree = "<group>";
		};
/* End PBXGroup section */

/* Begin PBXNativeTarget section */
		8887732D29107ED100784871 /* VirtualNes */ = {
			isa = PBXNativeTarget;
			buildConfigurationList = 8887734829107ED200784871 /* Build configuration list for PBXNativeTarget "VirtualNes" */;
			buildPhases = (
				8887732A29107ED100784871 /* Sources */,
				8887732B29107ED100784871 /* Frameworks */,
				8887732C29107ED100784871 /* Resources */,
				889597A62B1542160047D70F /* CopyFiles */,
			);
			buildRules = (
			);
			dependencies = (
			);
			name = VirtualNes;
			productName = VirtualNes;
			productReference = 8887732E29107ED100784871 /* VirtualNes.app */;
			productType = "com.apple.product-type.application";
		};
/* End PBXNativeTarget section */

/* Begin PBXProject section */
		8887732629107ED100784871 /* Project object */ = {
			isa = PBXProject;
			attributes = {
				BuildIndependentTargetsInParallel = 1;
				LastUpgradeCheck = 1500;
				TargetAttributes = {
					8887732D29107ED100784871 = {
						CreatedOnToolsVersion = 14.0.1;
					};
				};
			};
			buildConfigurationList = 8887732929107ED100784871 /* Build configuration list for PBXProject "VirtualNes" */;
			compatibilityVersion = "Xcode 14.0";
			developmentRegion = en;
			hasScannedForEncodings = 0;
			knownRegions = (
				en,
				Base,
			);
			mainGroup = 8887732529107ED100784871;
			productRefGroup = 8887732F29107ED100784871 /* Products */;
			projectDirPath = "";
			projectRoot = "";
			targets = (
				8887732D29107ED100784871 /* VirtualNes */,
			);
		};
/* End PBXProject section */

/* Begin PBXResourcesBuildPhase section */
		8887732C29107ED100784871 /* Resources */ = {
			isa = PBXResourcesBuildPhase;
			buildActionMask = 2147483647;
			files = (
				8887733529107ED100784871 /* GameScene.sks in Resources */,
				8887733F29107ED200784871 /* Assets.xcassets in Resources */,
				8887733729107ED100784871 /* Actions.sks in Resources */,
				8887734229107ED200784871 /* Main.storyboard in Resources */,
			);
			runOnlyForDeploymentPostprocessing = 0;
		};
/* End PBXResourcesBuildPhase section */

/* Begin PBXSourcesBuildPhase section */
		8887732A29107ED100784871 /* Sources */ = {
			isa = PBXSourcesBuildPhase;
			buildActionMask = 2147483647;
			files = (
				8877BA47291B6BE800DECED0 /* prompt.cpp in Sources */,
				886E508A29109FD50020F2F1 /* files.cpp in Sources */,
				886E509E2910A01B0020F2F1 /* utils.cpp in Sources */,
				886E50A82911B6420020F2F1 /* macos_display.cpp in Sources */,
				886E508829109FD50020F2F1 /* cartridge_interface.cpp in Sources */,
				8887733D29107ED100784871 /* ViewController.m in Sources */,
				8887733A29107ED100784871 /* GameScene.mm in Sources */,
				886E509D2910A01B0020F2F1 /* instructions.cpp in Sources */,
				886E50A22910A0280020F2F1 /* nes.cpp in Sources */,
				8887734429107ED200784871 /* main.m in Sources */,
				886E509F2910A01B0020F2F1 /* processor_6502.cpp in Sources */,
				886E509C2910A01B0020F2F1 /* nes_ppu.cpp in Sources */,
				8887733329107ED100784871 /* AppDelegate.m in Sources */,
			);
			runOnlyForDeploymentPostprocessing = 0;
		};
/* End PBXSourcesBuildPhase section */

/* Begin PBXVariantGroup section */
		8887734029107ED200784871 /* Main.storyboard */ = {
			isa = PBXVariantGroup;
			children = (
				8887734129107ED200784871 /* Base */,
			);
			name = Main.storyboard;
			sourceTree = "<group>";
		};
/* End PBXVariantGroup section */

/* Begin XCBuildConfiguration section */
		8887734629107ED200784871 /* Debug */ = {
			isa = XCBuildConfiguration;
			buildSettings = {
				ALWAYS_SEARCH_USER_PATHS = NO;
				CLANG_ANALYZER_NONNULL = YES;
				CLANG_ANALYZER_NUMBER_OBJECT_CONVERSION = YES_AGGRESSIVE;
				CLANG_CXX_LANGUAGE_STANDARD = "c++20";
				CLANG_ENABLE_MODULES = YES;
				CLANG_ENABLE_OBJC_ARC = YES;
				CLANG_ENABLE_OBJC_WEAK = YES;
				CLANG_WARN_BLOCK_CAPTURE_AUTORELEASING = YES;
				CLANG_WARN_BOOL_CONVERSION = YES;
				CLANG_WARN_COMMA = YES;
				CLANG_WARN_CONSTANT_CONVERSION = YES;
				CLANG_WARN_DEPRECATED_OBJC_IMPLEMENTATIONS = YES;
				CLANG_WARN_DIRECT_OBJC_ISA_USAGE = YES_ERROR;
				CLANG_WARN_DOCUMENTATION_COMMENTS = YES;
				CLANG_WARN_EMPTY_BODY = YES;
				CLANG_WARN_ENUM_CONVERSION = YES;
				CLANG_WARN_INFINITE_RECURSION = YES;
				CLANG_WARN_INT_CONVERSION = YES;
				CLANG_WARN_NON_LITERAL_NULL_CONVERSION = YES;
				CLANG_WARN_OBJC_IMPLICIT_RETAIN_SELF = YES;
				CLANG_WARN_OBJC_LITERAL_CONVERSION = YES;
				CLANG_WARN_OBJC_ROOT_CLASS = YES_ERROR;
				CLANG_WARN_QUOTED_INCLUDE_IN_FRAMEWORK_HEADER = YES;
				CLANG_WARN_RANGE_LOOP_ANALYSIS = YES;
				CLANG_WARN_STRICT_PROTOTYPES = YES;
				CLANG_WARN_SUSPICIOUS_MOVE = YES;
				CLANG_WARN_UNGUARDED_AVAILABILITY = YES_AGGRESSIVE;
				CLANG_WARN_UNREACHABLE_CODE = YES;
				CLANG_WARN__DUPLICATE_METHOD_MATCH = YES;
				COPY_PHASE_STRIP = NO;
				DEAD_CODE_STRIPPING = YES;
				DEBUG_INFORMATION_FORMAT = dwarf;
				ENABLE_STRICT_OBJC_MSGSEND = YES;
				ENABLE_TESTABILITY = YES;
				ENABLE_USER_SCRIPT_SANDBOXING = YES;
				GCC_C_LANGUAGE_STANDARD = gnu11;
				GCC_DYNAMIC_NO_PIC = NO;
				GCC_NO_COMMON_BLOCKS = YES;
				GCC_OPTIMIZATION_LEVEL = 0;
				GCC_PREPROCESSOR_DEFINITIONS = (
					"DEBUG=1",
					"$(inherited)",
				);
				GCC_WARN_64_TO_32_BIT_CONVERSION = YES;
				GCC_WARN_ABOUT_RETURN_TYPE = YES_ERROR;
				GCC_WARN_UNDECLARED_SELECTOR = YES;
				GCC_WARN_UNINITIALIZED_AUTOS = YES_AGGRESSIVE;
				GCC_WARN_UNUSED_FUNCTION = YES;
				GCC_WARN_UNUSED_VARIABLE = YES;
				MACOSX_DEPLOYMENT_TARGET = 12.3;
				MTL_ENABLE_DEBUG_INFO = INCLUDE_SOURCE;
				MTL_FAST_MATH = YES;
				ONLY_ACTIVE_ARCH = YES;
				SDKROOT = macosx;
			};
			name = Debug;
		};
		8887734729107ED200784871 /* Release */ = {
			isa = XCBuildConfiguration;
			buildSettings = {
				ALWAYS_SEARCH_USER_PATHS = NO;
				CLANG_ANALYZER_NONNULL = YES;
				CLANG_ANALYZER_NUMBER_OBJECT_CONVERSION = YES_AGGRESSIVE;
				CLANG_CXX_LANGUAGE_STANDARD = "c++20";
				CLANG_ENABLE_MODULES = YES;
				CLANG_ENABLE_OBJC_ARC = YES;
				CLANG_ENABLE_OBJC_WEAK = YES;
				CLANG_WARN_BLOCK_CAPTURE_AUTORELEASING = YES;
				CLANG_WARN_BOOL_CONVERSION = YES;
				CLANG_WARN_COMMA = YES;
				CLANG_WARN_CONSTANT_CONVERSION = YES;
				CLANG_WARN_DEPRECATED_OBJC_IMPLEMENTATIONS = YES;
				CLANG_WARN_DIRECT_OBJC_ISA_USAGE = YES_ERROR;
				CLANG_WARN_DOCUMENTATION_COMMENTS = YES;
				CLANG_WARN_EMPTY_BODY = YES;
				CLANG_WARN_ENUM_CONVERSION = YES;
				CLANG_WARN_INFINITE_RECURSION = YES;
				CLANG_WARN_INT_CONVERSION = YES;
				CLANG_WARN_NON_LITERAL_NULL_CONVERSION = YES;
				CLANG_WARN_OBJC_IMPLICIT_RETAIN_SELF = YES;
				CLANG_WARN_OBJC_LITERAL_CONVERSION = YES;
				CLANG_WARN_OBJC_ROOT_CLASS = YES_ERROR;
				CLANG_WARN_QUOTED_INCLUDE_IN_FRAMEWORK_HEADER = YES;
				CLANG_WARN_RANGE_LOOP_ANALYSIS = YES;
				CLANG_WARN_STRICT_PROTOTYPES = YES;
				CLANG_WARN_SUSPICIOUS_MOVE = YES;
				CLANG_WARN_UNGUARDED_AVAILABILITY = YES_AGGRESSIVE;
				CLANG_WARN_UNREACHABLE_CODE = YES;
				CLANG_WARN__DUPLICATE_METHOD_MATCH = YES;
				COPY_PHASE_STRIP = NO;
				DEAD_CODE_STRIPPING = YES;
				DEBUG_INFORMATION_FORMAT = "dwarf-with-dsym";
				ENABLE_NS_ASSERTIONS = NO;
				ENABLE_STRICT_OBJC_MSGSEND = YES;
				ENABLE_USER_SCRIPT_SANDBOXING = YES;
				GCC_C_LANGUAGE_STANDARD = gnu11;
				GCC_NO_COMMON_BLOCKS = YES;
				GCC_WARN_64_TO_32_BIT_CONVERSION = YES;
				GCC_WARN_ABOUT_RETURN_TYPE = YES_ERROR;
				GCC_WARN_UNDECLARED_SELECTOR = YES;
				GCC_WARN_UNINITIALIZED_AUTOS = YES_AGGRESSIVE;
				GCC_WARN_UNUSED_FUNCTION = YES;
				GCC_WARN_UNUSED_VARIABLE = YES;
				MACOSX_DEPLOYMENT_TARGET = 12.3;
				MTL_ENABLE_DEBUG_INFO = NO;
				MTL_FAST_MATH = YES;
				SDKROOT = macosx;
			};
			name = Release;
		};
		8887734929107ED200784871 /* Debug */ = {
			isa = XCBuildConfiguration;
			buildSettings = {
				ASSETCATALOG_COMPILER_APPICON_NAME = AppIcon;
				ASSETCATALOG_COMPILER_GLOBAL_ACCENT_COLOR_NAME = AccentColor;
				CODE_SIGN_ENTITLEMENTS = VirtualNes/VirtualNes.entitlements;
				"CODE_SIGN_IDENTITY[sdk=macosx*]" = "-";
				CODE_SIGN_STYLE = Automatic;
				COMBINE_HIDPI_IMAGES = YES;
				CURRENT_PROJECT_VERSION = 1;
				DEAD_CODE_STRIPPING = YES;
				ENABLE_USER_SELECTED_FILES = "";
				GENERATE_INFOPLIST_FILE = YES;
				HEADER_SEARCH_PATHS = ../../;
				INFOPLIST_KEY_NSHumanReadableCopyright = "";
				INFOPLIST_KEY_NSMainStoryboardFile = Main;
				INFOPLIST_KEY_NSPrincipalClass = NSApplication;
				LD_RUNPATH_SEARCH_PATHS = (
					"$(inherited)",
					"@executable_path/../Frameworks",
				);
				LIBRARY_SEARCH_PATHS = /usr/local/lib;
				MARKETING_VERSION = 1.0;
				OTHER_LDFLAGS = "";
				PRODUCT_BUNDLE_IDENTIFIER = dd.VirtualNes;
				PRODUCT_NAME = "$(TARGET_NAME)";
				SWIFT_EMIT_LOC_STRINGS = YES;
				SYSTEM_HEADER_SEARCH_PATHS = /usr/local/include;
			};
			name = Debug;
		};
		8887734A29107ED200784871 /* Release */ = {
			isa = XCBuildConfiguration;
			buildSettings = {
				ASSETCATALOG_COMPILER_APPICON_NAME = AppIcon;
				ASSETCATALOG_COMPILER_GLOBAL_ACCENT_COLOR_NAME = AccentColor;
				CODE_SIGN_ENTITLEMENTS = VirtualNes/VirtualNes.entitlements;
				"CODE_SIGN_IDENTITY[sdk=macosx*]" = "-";
				CODE_SIGN_STYLE = Automatic;
				COMBINE_HIDPI_IMAGES = YES;
				CURRENT_PROJECT_VERSION = 1;
				DEAD_CODE_STRIPPING = YES;
				ENABLE_USER_SELECTED_FILES = "";
				GENERATE_INFOPLIST_FILE = YES;
				HEADER_SEARCH_PATHS = ../../;
				INFOPLIST_KEY_NSHumanReadableCopyright = "";
				INFOPLIST_KEY_NSMainStoryboardFile = Main;
				INFOPLIST_KEY_NSPrincipalClass = NSApplication;
				LD_RUNPATH_SEARCH_PATHS = (
					"$(inherited)",
					"@executable_path/../Frameworks",
				);
				LIBRARY_SEARCH_PATHS = /usr/local/lib;
				MARKETING_VERSION = 1.0;
				OTHER_LDFLAGS = "";
				PRODUCT_BUNDLE_IDENTIFIER = dd.VirtualNes;
				PRODUCT_NAME = "$(TARGET_NAME)";
				SWIFT_EMIT_LOC_STRINGS = YES;
				SYSTEM_HEADER_SEARCH_PATHS = /usr/local/include;
			};
			name = Release;
		};
/* End XCBuildConfiguration section */

/* Begin XCConfigurationList section */
		8887732929107ED100784871 /* Build configuration list for PBXProject "VirtualNes" */ = {
			isa = XCConfigurationList;
			buildConfigurations = (
				8887734629107ED200784871 /* Debug */,
				8887734729107ED200784871 /* Release */,
			);
			defaultConfigurationIsVisible = 0;
			defaultConfigurationName = Release;
		};
		8887734829107ED200784871 /* Build configuration list for PBXNativeTarget "VirtualNes" */ = {
			isa = XCConfigurationList;
			buildConfigurations = (
				8887734929107ED200784871 /* Debug */,
				8887734A29107ED200784871 /* Release */,
			);
			defaultConfigurationIsVisible = 0;
			defaultConfigurationName = Release;
		};
/* End XCConfigurationList section */
	};
	rootObject = 8887732629107ED100784871 /* Project object */;
}
